
Microsoft Visual Studio Solution File, Format Version 12.00
# Visual Studio Version 17
VisualStudioVersion = 17.6.33815.320
MinimumVisualStudioVersion = 10.0.40219.1
Project("{9A19103F-16F7-4668-BE54-9A1E7A4F7556}") = "App", "App.csproj", "{A6B6B6B9-C7CF-4D12-A56A-776070A8E524}"
EndProject
Project("{2150E333-8FDC-42A3-9474-1A3956D46DE8}") = "Extra", "Extra", "{2914C09F-3517-4D67-BD1F-5B9E91770539}"
EndProject
Project("{9A19103F-16F7-4668-BE54-9A1E7A4F7556}") = "App.Shared", "..\Shared\App.Shared.csproj", "{727EDA98-7064-46AC-BB43-E9F1D98CF300}"
EndProject
Project("{9A19103F-16F7-4668-BE54-9A1E7A4F7556}") = "MVVM", "..\MVVM\MVVM.csproj", "{07E3FAD7-0CA8-494C-9E54-A9EB429A8C95}"
EndProject
Project("{9A19103F-16F7-4668-BE54-9A1E7A4F7556}") = "App.AboutSection", "..\App.AboutSection\App.AboutSection.csproj", "{044A5DB3-FB33-4A94-84E7-5945F77F2A42}"
EndProject
Project("{9A19103F-16F7-4668-BE54-9A1E7A4F7556}") = "App.MarkupProject", "..\App.MarkupProject\App.MarkupProject.csproj", "{83AEF17B-220F-425E-9BF9-EFF6A7D29281}"
EndProject
Project("{9A19103F-16F7-4668-BE54-9A1E7A4F7556}") = "App.ProjectSettings", "..\App.ProjectSettings\App.ProjectSettings.csproj", "{9253BD68-0236-47B4-95E6-ADDE7BF53C51}"
EndProject
Project("{2150E333-8FDC-42A3-9474-1A3956D46DE8}") = "src", "src", "{D5CF454C-786F-46DB-916B-4D49D2A61275}"
EndProject
Global
	GlobalSection(SolutionConfigurationPlatforms) = preSolution
		Debug|Any CPU = Debug|Any CPU
		Release|Any CPU = Release|Any CPU
	EndGlobalSection
	GlobalSection(ProjectConfigurationPlatforms) = postSolution
		{A6B6B6B9-C7CF-4D12-A56A-776070A8E524}.Debug|Any CPU.ActiveCfg = Debug|Any CPU
		{A6B6B6B9-C7CF-4D12-A56A-776070A8E524}.Debug|Any CPU.Build.0 = Debug|Any CPU
		{A6B6B6B9-C7CF-4D12-A56A-776070A8E524}.Release|Any CPU.ActiveCfg = Release|Any CPU
		{A6B6B6B9-C7CF-4D12-A56A-776070A8E524}.Release|Any CPU.Build.0 = Release|Any CPU
		{727EDA98-7064-46AC-BB43-E9F1D98CF300}.Debug|Any CPU.ActiveCfg = Debug|Any CPU
		{727EDA98-7064-46AC-BB43-E9F1D98CF300}.Debug|Any CPU.Build.0 = Debug|Any CPU
		{727EDA98-7064-46AC-BB43-E9F1D98CF300}.Release|Any CPU.ActiveCfg = Release|Any CPU
		{727EDA98-7064-46AC-BB43-E9F1D98CF300}.Release|Any CPU.Build.0 = Release|Any CPU
		{07E3FAD7-0CA8-494C-9E54-A9EB429A8C95}.Debug|Any CPU.ActiveCfg = Debug|Any CPU
		{07E3FAD7-0CA8-494C-9E54-A9EB429A8C95}.Debug|Any CPU.Build.0 = Debug|Any CPU
		{07E3FAD7-0CA8-494C-9E54-A9EB429A8C95}.Release|Any CPU.ActiveCfg = Release|Any CPU
		{07E3FAD7-0CA8-494C-9E54-A9EB429A8C95}.Release|Any CPU.Build.0 = Release|Any CPU
		{044A5DB3-FB33-4A94-84E7-5945F77F2A42}.Debug|Any CPU.ActiveCfg = Debug|Any CPU
		{044A5DB3-FB33-4A94-84E7-5945F77F2A42}.Debug|Any CPU.Build.0 = Debug|Any CPU
		{044A5DB3-FB33-4A94-84E7-5945F77F2A42}.Release|Any CPU.ActiveCfg = Release|Any CPU
		{044A5DB3-FB33-4A94-84E7-5945F77F2A42}.Release|Any CPU.Build.0 = Release|Any CPU
		{83AEF17B-220F-425E-9BF9-EFF6A7D29281}.Debug|Any CPU.ActiveCfg = Debug|Any CPU
		{83AEF17B-220F-425E-9BF9-EFF6A7D29281}.Debug|Any CPU.Build.0 = Debug|Any CPU
		{83AEF17B-220F-425E-9BF9-EFF6A7D29281}.Release|Any CPU.ActiveCfg = Release|Any CPU
		{83AEF17B-220F-425E-9BF9-EFF6A7D29281}.Release|Any CPU.Build.0 = Release|Any CPU
		{9253BD68-0236-47B4-95E6-ADDE7BF53C51}.Debug|Any CPU.ActiveCfg = Debug|Any CPU
		{9253BD68-0236-47B4-95E6-ADDE7BF53C51}.Debug|Any CPU.Build.0 = Debug|Any CPU
		{9253BD68-0236-47B4-95E6-ADDE7BF53C51}.Release|Any CPU.ActiveCfg = Release|Any CPU
		{9253BD68-0236-47B4-95E6-ADDE7BF53C51}.Release|Any CPU.Build.0 = Release|Any CPU
	EndGlobalSection
	GlobalSection(SolutionProperties) = preSolution
		HideSolutionNode = FALSE
	EndGlobalSection
	GlobalSection(NestedProjects) = preSolution
		{A6B6B6B9-C7CF-4D12-A56A-776070A8E524} = {D5CF454C-786F-46DB-916B-4D49D2A61275}
		{2914C09F-3517-4D67-BD1F-5B9E91770539} = {D5CF454C-786F-46DB-916B-4D49D2A61275}
		{727EDA98-7064-46AC-BB43-E9F1D98CF300} = {2914C09F-3517-4D67-BD1F-5B9E91770539}
		{07E3FAD7-0CA8-494C-9E54-A9EB429A8C95} = {2914C09F-3517-4D67-BD1F-5B9E91770539}
		{044A5DB3-FB33-4A94-84E7-5945F77F2A42} = {D5CF454C-786F-46DB-916B-4D49D2A61275}
		{83AEF17B-220F-425E-9BF9-EFF6A7D29281} = {D5CF454C-786F-46DB-916B-4D49D2A61275}
		{9253BD68-0236-47B4-95E6-ADDE7BF53C51} = {D5CF454C-786F-46DB-916B-4D49D2A61275}
	EndGlobalSection
	GlobalSection(ExtensibilityGlobals) = postSolution
		FileExplorer = ..\
		SolutionGuid = {5CD0BCC7-9702-40C2-AB5F-6D4CBD0D33B2}
	EndGlobalSection
EndGlobal
